
Microsoft Visual Studio Solution File, Format Version 12.00
# Visual Studio Version 16
VisualStudioVersion = 16.0.809.8
MinimumVisualStudioVersion = 10.0.40219.1
Project("{FAE04EC0-301F-11D3-BF4B-00C04F79EFBC}") = "Anagrams", "Anagrams\Anagrams.csproj", "{3D269D9C-302B-4164-A2CF-AA6FB81E094C}"
EndProject
Project("{FAE04EC0-301F-11D3-BF4B-00C04F79EFBC}") = "Tests", "Tests\Tests.csproj", "{564040C6-402D-433C-BC13-D757B5E78B18}"
EndProject
Global
	GlobalSection(SolutionConfigurationPlatforms) = preSolution
		Debug|Any CPU = Debug|Any CPU
		Release|Any CPU = Release|Any CPU
	EndGlobalSection
	GlobalSection(ProjectConfigurationPlatforms) = postSolution
		{3D269D9C-302B-4164-A2CF-AA6FB81E094C}.Debug|Any CPU.ActiveCfg = Debug|Any CPU
		{3D269D9C-302B-4164-A2CF-AA6FB81E094C}.Debug|Any CPU.Build.0 = Debug|Any CPU
		{3D269D9C-302B-4164-A2CF-AA6FB81E094C}.Release|Any CPU.ActiveCfg = Release|Any CPU
		{3D269D9C-302B-4164-A2CF-AA6FB81E094C}.Release|Any CPU.Build.0 = Release|Any CPU
		{564040C6-402D-433C-BC13-D757B5E78B18}.Debug|Any CPU.ActiveCfg = Debug|Any CPU
		{564040C6-402D-433C-BC13-D757B5E78B18}.Debug|Any CPU.Build.0 = Debug|Any CPU
		{564040C6-402D-433C-BC13-D757B5E78B18}.Release|Any CPU.ActiveCfg = Release|Any CPU
		{564040C6-402D-433C-BC13-D757B5E78B18}.Release|Any CPU.Build.0 = Release|Any CPU
	EndGlobalSection
	GlobalSection(SolutionProperties) = preSolution
		HideSolutionNode = FALSE
	EndGlobalSection
	GlobalSection(ExtensibilityGlobals) = postSolution
		SolutionGuid = {F03C4434-32AC-45F2-8E13-D56528CF2833}
	EndGlobalSection
EndGlobal
